// !$*UTF8*$!
{
	archiveVersion = 1;
	classes = {
	};
	objectVersion = 55;
	objects = {

/* Begin PBXBuildFile section */
		2B7EA02848E7E14296F7A5CA /* Pods_GamerSkuyTests.framework in Frameworks */ = {isa = PBXBuildFile; fileRef = 34ED29212D81ACE5F4E83B97 /* Pods_GamerSkuyTests.framework */; };
		34BA32ADCC4D8EE9C2F33B24 /* Pods_GamerSkuy_GamerSkuyUITests.framework in Frameworks */ = {isa = PBXBuildFile; fileRef = 7ADDDBAECDB6A7047DD9F134 /* Pods_GamerSkuy_GamerSkuyUITests.framework */; };
		3A8EE41E8137B70B29344122 /* Pods_GamerSkuy.framework in Frameworks */ = {isa = PBXBuildFile; fileRef = A42CDF41C032351BC34A5767 /* Pods_GamerSkuy.framework */; };
		E90F4EC028D0172C00F7ADD4 /* ProfileViewModel.swift in Sources */ = {isa = PBXBuildFile; fileRef = E90F4EBF28D0172B00F7ADD4 /* ProfileViewModel.swift */; };
		E91237C328EB148B006AEA9F /* Extenstion+String.swift in Sources */ = {isa = PBXBuildFile; fileRef = E91237C228EB148B006AEA9F /* Extenstion+String.swift */; };
		E91CE85D28CEB7DA0030248A /* Genre.swift in Sources */ = {isa = PBXBuildFile; fileRef = E91CE85C28CEB7DA0030248A /* Genre.swift */; };
		E91CE85F28CEBB1B0030248A /* CategoryCardView.swift in Sources */ = {isa = PBXBuildFile; fileRef = E91CE85E28CEBB1B0030248A /* CategoryCardView.swift */; };
		E91CE86128CECD750030248A /* SettingsViewModel.swift in Sources */ = {isa = PBXBuildFile; fileRef = E91CE86028CECD750030248A /* SettingsViewModel.swift */; };
		E91CE86328CEEBCE0030248A /* SearchBarView.swift in Sources */ = {isa = PBXBuildFile; fileRef = E91CE86228CEEBCE0030248A /* SearchBarView.swift */; };
		E91CE86528CEECC60030248A /* DetailTrailerView.swift in Sources */ = {isa = PBXBuildFile; fileRef = E91CE86428CEECC60030248A /* DetailTrailerView.swift */; };
		E92F29F728E52648009C5200 /* API_KEY.plist in Resources */ = {isa = PBXBuildFile; fileRef = E92F29F628E52648009C5200 /* API_KEY.plist */; };
		E92F29F928E551C0009C5200 /* GameFavorite.swift in Sources */ = {isa = PBXBuildFile; fileRef = E92F29F828E551BF009C5200 /* GameFavorite.swift */; };
		E92F29FB28E57452009C5200 /* EditProfileView.swift in Sources */ = {isa = PBXBuildFile; fileRef = E92F29FA28E57452009C5200 /* EditProfileView.swift */; };
		E930FC5E28D897E7009C583E /* Trailer.swift in Sources */ = {isa = PBXBuildFile; fileRef = E930FC5D28D897E7009C583E /* Trailer.swift */; };
		E930FC6028D8AB6B009C583E /* TrailerCardView.swift in Sources */ = {isa = PBXBuildFile; fileRef = E930FC5F28D8AB6B009C583E /* TrailerCardView.swift */; };
		E969B93928E5C9920075C4A2 /* Extension+Date.swift in Sources */ = {isa = PBXBuildFile; fileRef = E969B93828E5C9920075C4A2 /* Extension+Date.swift */; };
		E969B93B28E5E7120075C4A2 /* NoDataViewAnimation.swift in Sources */ = {isa = PBXBuildFile; fileRef = E969B93A28E5E7120075C4A2 /* NoDataViewAnimation.swift */; };
		E969B93D28E5EBFE0075C4A2 /* NoDataView.swift in Sources */ = {isa = PBXBuildFile; fileRef = E969B93C28E5EBFE0075C4A2 /* NoDataView.swift */; };
		E988602428CB6C5B00D5F850 /* GamerSkuyApp.swift in Sources */ = {isa = PBXBuildFile; fileRef = E988602328CB6C5B00D5F850 /* GamerSkuyApp.swift */; };
		E988602628CB6C5B00D5F850 /* HomeView.swift in Sources */ = {isa = PBXBuildFile; fileRef = E988602528CB6C5B00D5F850 /* HomeView.swift */; };
		E988602828CB6C5C00D5F850 /* Assets.xcassets in Resources */ = {isa = PBXBuildFile; fileRef = E988602728CB6C5C00D5F850 /* Assets.xcassets */; };
		E988602B28CB6C5C00D5F850 /* Preview Assets.xcassets in Resources */ = {isa = PBXBuildFile; fileRef = E988602A28CB6C5C00D5F850 /* Preview Assets.xcassets */; };
		E995103128DD3DF100D218C0 /* FavoriteView.swift in Sources */ = {isa = PBXBuildFile; fileRef = E995103028DD3DF100D218C0 /* FavoriteView.swift */; };
		E995103328DD3DFC00D218C0 /* SearchView.swift in Sources */ = {isa = PBXBuildFile; fileRef = E995103228DD3DFC00D218C0 /* SearchView.swift */; };
		E995103528DD3E0700D218C0 /* FavoriteViewModel.swift in Sources */ = {isa = PBXBuildFile; fileRef = E995103428DD3E0700D218C0 /* FavoriteViewModel.swift */; };
		E995103728DD3E1200D218C0 /* SearchViewModel.swift in Sources */ = {isa = PBXBuildFile; fileRef = E995103628DD3E1200D218C0 /* SearchViewModel.swift */; };
		E995103D28DD430500D218C0 /* not-found.json in Resources */ = {isa = PBXBuildFile; fileRef = E995103C28DD430500D218C0 /* not-found.json */; };
		E995104028DD461B00D218C0 /* FavoriteGame.xcdatamodeld in Sources */ = {isa = PBXBuildFile; fileRef = E995103E28DD461B00D218C0 /* FavoriteGame.xcdatamodeld */; };
		E995104228DD4A7E00D218C0 /* CoreDataManager.swift in Sources */ = {isa = PBXBuildFile; fileRef = E995104128DD4A7E00D218C0 /* CoreDataManager.swift */; };
		E99F0B1228D9C8FD007BCA65 /* LoadingView.swift in Sources */ = {isa = PBXBuildFile; fileRef = E99F0B1128D9C8FD007BCA65 /* LoadingView.swift */; };
		E99F0B1528D9ED55007BCA65 /* Profile.swift in Sources */ = {isa = PBXBuildFile; fileRef = E99F0B1428D9ED55007BCA65 /* Profile.swift */; };
		E99F0B1828D9FAE5007BCA65 /* LaunchScreen.storyboard in Resources */ = {isa = PBXBuildFile; fileRef = E99F0B1728D9FAE5007BCA65 /* LaunchScreen.storyboard */; };
		E9AC5E7428CDE409001C7059 /* Constants.swift in Sources */ = {isa = PBXBuildFile; fileRef = E9AC5E7328CDE409001C7059 /* Constants.swift */; };
		E9AC5E7628CDE41C001C7059 /* SettingsView.swift in Sources */ = {isa = PBXBuildFile; fileRef = E9AC5E7528CDE41C001C7059 /* SettingsView.swift */; };
		E9AC5E7828CDE42F001C7059 /* ProfileView.swift in Sources */ = {isa = PBXBuildFile; fileRef = E9AC5E7728CDE42F001C7059 /* ProfileView.swift */; };
		E9AC5E7B28CDE4C6001C7059 /* HomeViewModel.swift in Sources */ = {isa = PBXBuildFile; fileRef = E9AC5E7A28CDE4C6001C7059 /* HomeViewModel.swift */; };
		E9AC5E7E28CDE4E7001C7059 /* DetailView.swift in Sources */ = {isa = PBXBuildFile; fileRef = E9AC5E7D28CDE4E7001C7059 /* DetailView.swift */; };
		E9AC5E8228CDE50D001C7059 /* DetailViewModel.swift in Sources */ = {isa = PBXBuildFile; fileRef = E9AC5E8128CDE50D001C7059 /* DetailViewModel.swift */; };
		E9AC5E8428CDE535001C7059 /* APIServices.swift in Sources */ = {isa = PBXBuildFile; fileRef = E9AC5E8328CDE535001C7059 /* APIServices.swift */; };
		E9AC5E8728CDE562001C7059 /* TabBarView.swift in Sources */ = {isa = PBXBuildFile; fileRef = E9AC5E8628CDE562001C7059 /* TabBarView.swift */; };
		E9AC5E8928CDE708001C7059 /* Helper.swift in Sources */ = {isa = PBXBuildFile; fileRef = E9AC5E8828CDE708001C7059 /* Helper.swift */; };
		E9AC5E8B28CDE728001C7059 /* Enums.swift in Sources */ = {isa = PBXBuildFile; fileRef = E9AC5E8A28CDE728001C7059 /* Enums.swift */; };
		E9AC5E8D28CDE8D7001C7059 /* ViewBuilder.swift in Sources */ = {isa = PBXBuildFile; fileRef = E9AC5E8C28CDE8D7001C7059 /* ViewBuilder.swift */; };
		E9AC5E8F28CDEAA7001C7059 /* Game.swift in Sources */ = {isa = PBXBuildFile; fileRef = E9AC5E8E28CDEAA7001C7059 /* Game.swift */; };
		E9AC5E9128CDEAB0001C7059 /* GameDetail.swift in Sources */ = {isa = PBXBuildFile; fileRef = E9AC5E9028CDEAB0001C7059 /* GameDetail.swift */; };
		E9AC5E9328CDEAC2001C7059 /* Responses.swift in Sources */ = {isa = PBXBuildFile; fileRef = E9AC5E9228CDEAC2001C7059 /* Responses.swift */; };
		E9AC5E9528CDFC33001C7059 /* MovieCardView.swift in Sources */ = {isa = PBXBuildFile; fileRef = E9AC5E9428CDFC33001C7059 /* MovieCardView.swift */; };
/* End PBXBuildFile section */

/* Begin PBXContainerItemProxy section */
		E988603128CB6C5C00D5F850 /* PBXContainerItemProxy */ = {
			isa = PBXContainerItemProxy;
			containerPortal = E988601828CB6C5B00D5F850 /* Project object */;
			proxyType = 1;
			remoteGlobalIDString = E988601F28CB6C5B00D5F850;
			remoteInfo = GamerSkuy;
		};
		E988603B28CB6C5C00D5F850 /* PBXContainerItemProxy */ = {
			isa = PBXContainerItemProxy;
			containerPortal = E988601828CB6C5B00D5F850 /* Project object */;
			proxyType = 1;
			remoteGlobalIDString = E988601F28CB6C5B00D5F850;
			remoteInfo = GamerSkuy;
		};
/* End PBXContainerItemProxy section */

/* Begin PBXFileReference section */
		1BE3C97EAF4FC83F1DBFD352 /* Pods-GamerSkuy-GamerSkuyUITests.release.xcconfig */ = {isa = PBXFileReference; includeInIndex = 1; lastKnownFileType = text.xcconfig; name = "Pods-GamerSkuy-GamerSkuyUITests.release.xcconfig"; path = "Target Support Files/Pods-GamerSkuy-GamerSkuyUITests/Pods-GamerSkuy-GamerSkuyUITests.release.xcconfig"; sourceTree = "<group>"; };
		2C9819D4ADDAA474F07F043A /* Pods-GamerSkuy.debug.xcconfig */ = {isa = PBXFileReference; includeInIndex = 1; lastKnownFileType = text.xcconfig; name = "Pods-GamerSkuy.debug.xcconfig"; path = "Target Support Files/Pods-GamerSkuy/Pods-GamerSkuy.debug.xcconfig"; sourceTree = "<group>"; };
		34ED29212D81ACE5F4E83B97 /* Pods_GamerSkuyTests.framework */ = {isa = PBXFileReference; explicitFileType = wrapper.framework; includeInIndex = 0; path = Pods_GamerSkuyTests.framework; sourceTree = BUILT_PRODUCTS_DIR; };
		73F46C50FDABD72EC4A5B986 /* Pods-GamerSkuyTests.release.xcconfig */ = {isa = PBXFileReference; includeInIndex = 1; lastKnownFileType = text.xcconfig; name = "Pods-GamerSkuyTests.release.xcconfig"; path = "Target Support Files/Pods-GamerSkuyTests/Pods-GamerSkuyTests.release.xcconfig"; sourceTree = "<group>"; };
		77BB1C0DF4ED8CE55C40E5A7 /* Pods-GamerSkuy-GamerSkuyUITests.debug.xcconfig */ = {isa = PBXFileReference; includeInIndex = 1; lastKnownFileType = text.xcconfig; name = "Pods-GamerSkuy-GamerSkuyUITests.debug.xcconfig"; path = "Target Support Files/Pods-GamerSkuy-GamerSkuyUITests/Pods-GamerSkuy-GamerSkuyUITests.debug.xcconfig"; sourceTree = "<group>"; };
		7ADDDBAECDB6A7047DD9F134 /* Pods_GamerSkuy_GamerSkuyUITests.framework */ = {isa = PBXFileReference; explicitFileType = wrapper.framework; includeInIndex = 0; path = Pods_GamerSkuy_GamerSkuyUITests.framework; sourceTree = BUILT_PRODUCTS_DIR; };
		A42CDF41C032351BC34A5767 /* Pods_GamerSkuy.framework */ = {isa = PBXFileReference; explicitFileType = wrapper.framework; includeInIndex = 0; path = Pods_GamerSkuy.framework; sourceTree = BUILT_PRODUCTS_DIR; };
		E90F4EBF28D0172B00F7ADD4 /* ProfileViewModel.swift */ = {isa = PBXFileReference; lastKnownFileType = sourcecode.swift; path = ProfileViewModel.swift; sourceTree = "<group>"; };
		E91237C228EB148B006AEA9F /* Extenstion+String.swift */ = {isa = PBXFileReference; lastKnownFileType = sourcecode.swift; path = "Extenstion+String.swift"; sourceTree = "<group>"; };
		E91CE85C28CEB7DA0030248A /* Genre.swift */ = {isa = PBXFileReference; lastKnownFileType = sourcecode.swift; path = Genre.swift; sourceTree = "<group>"; };
		E91CE85E28CEBB1B0030248A /* CategoryCardView.swift */ = {isa = PBXFileReference; lastKnownFileType = sourcecode.swift; path = CategoryCardView.swift; sourceTree = "<group>"; };
		E91CE86028CECD750030248A /* SettingsViewModel.swift */ = {isa = PBXFileReference; lastKnownFileType = sourcecode.swift; path = SettingsViewModel.swift; sourceTree = "<group>"; };
		E91CE86228CEEBCE0030248A /* SearchBarView.swift */ = {isa = PBXFileReference; lastKnownFileType = sourcecode.swift; path = SearchBarView.swift; sourceTree = "<group>"; };
		E91CE86428CEECC60030248A /* DetailTrailerView.swift */ = {isa = PBXFileReference; lastKnownFileType = sourcecode.swift; path = DetailTrailerView.swift; sourceTree = "<group>"; };
		E92F29F628E52648009C5200 /* API_KEY.plist */ = {isa = PBXFileReference; lastKnownFileType = text.plist.xml; path = API_KEY.plist; sourceTree = "<group>"; };
		E92F29F828E551BF009C5200 /* GameFavorite.swift */ = {isa = PBXFileReference; lastKnownFileType = sourcecode.swift; path = GameFavorite.swift; sourceTree = "<group>"; };
		E92F29FA28E57452009C5200 /* EditProfileView.swift */ = {isa = PBXFileReference; lastKnownFileType = sourcecode.swift; path = EditProfileView.swift; sourceTree = "<group>"; };
		E930FC5D28D897E7009C583E /* Trailer.swift */ = {isa = PBXFileReference; lastKnownFileType = sourcecode.swift; path = Trailer.swift; sourceTree = "<group>"; };
		E930FC5F28D8AB6B009C583E /* TrailerCardView.swift */ = {isa = PBXFileReference; lastKnownFileType = sourcecode.swift; path = TrailerCardView.swift; sourceTree = "<group>"; };
		E969B93828E5C9920075C4A2 /* Extension+Date.swift */ = {isa = PBXFileReference; lastKnownFileType = sourcecode.swift; path = "Extension+Date.swift"; sourceTree = "<group>"; };
		E969B93A28E5E7120075C4A2 /* NoDataViewAnimation.swift */ = {isa = PBXFileReference; lastKnownFileType = sourcecode.swift; path = NoDataViewAnimation.swift; sourceTree = "<group>"; };
		E969B93C28E5EBFE0075C4A2 /* NoDataView.swift */ = {isa = PBXFileReference; lastKnownFileType = sourcecode.swift; path = NoDataView.swift; sourceTree = "<group>"; };
		E988602028CB6C5B00D5F850 /* GamerSkuy.app */ = {isa = PBXFileReference; explicitFileType = wrapper.application; includeInIndex = 0; path = GamerSkuy.app; sourceTree = BUILT_PRODUCTS_DIR; };
		E988602328CB6C5B00D5F850 /* GamerSkuyApp.swift */ = {isa = PBXFileReference; lastKnownFileType = sourcecode.swift; path = GamerSkuyApp.swift; sourceTree = "<group>"; };
		E988602528CB6C5B00D5F850 /* HomeView.swift */ = {isa = PBXFileReference; lastKnownFileType = sourcecode.swift; path = HomeView.swift; sourceTree = "<group>"; };
		E988602728CB6C5C00D5F850 /* Assets.xcassets */ = {isa = PBXFileReference; lastKnownFileType = folder.assetcatalog; path = Assets.xcassets; sourceTree = "<group>"; };
		E988602A28CB6C5C00D5F850 /* Preview Assets.xcassets */ = {isa = PBXFileReference; lastKnownFileType = folder.assetcatalog; path = "Preview Assets.xcassets"; sourceTree = "<group>"; };
		E988603028CB6C5C00D5F850 /* GamerSkuyTests.xctest */ = {isa = PBXFileReference; explicitFileType = wrapper.cfbundle; includeInIndex = 0; path = GamerSkuyTests.xctest; sourceTree = BUILT_PRODUCTS_DIR; };
		E988603A28CB6C5C00D5F850 /* GamerSkuyUITests.xctest */ = {isa = PBXFileReference; explicitFileType = wrapper.cfbundle; includeInIndex = 0; path = GamerSkuyUITests.xctest; sourceTree = BUILT_PRODUCTS_DIR; };
		E995103028DD3DF100D218C0 /* FavoriteView.swift */ = {isa = PBXFileReference; lastKnownFileType = sourcecode.swift; path = FavoriteView.swift; sourceTree = "<group>"; };
		E995103228DD3DFC00D218C0 /* SearchView.swift */ = {isa = PBXFileReference; lastKnownFileType = sourcecode.swift; path = SearchView.swift; sourceTree = "<group>"; };
		E995103428DD3E0700D218C0 /* FavoriteViewModel.swift */ = {isa = PBXFileReference; lastKnownFileType = sourcecode.swift; path = FavoriteViewModel.swift; sourceTree = "<group>"; };
		E995103628DD3E1200D218C0 /* SearchViewModel.swift */ = {isa = PBXFileReference; lastKnownFileType = sourcecode.swift; path = SearchViewModel.swift; sourceTree = "<group>"; };
		E995103C28DD430500D218C0 /* not-found.json */ = {isa = PBXFileReference; fileEncoding = 4; lastKnownFileType = text.json; path = "not-found.json"; sourceTree = "<group>"; };
		E995103F28DD461B00D218C0 /* FavoriteGame.xcdatamodel */ = {isa = PBXFileReference; lastKnownFileType = wrapper.xcdatamodel; path = FavoriteGame.xcdatamodel; sourceTree = "<group>"; };
		E995104128DD4A7E00D218C0 /* CoreDataManager.swift */ = {isa = PBXFileReference; lastKnownFileType = sourcecode.swift; path = CoreDataManager.swift; sourceTree = "<group>"; };
		E99F0B1128D9C8FD007BCA65 /* LoadingView.swift */ = {isa = PBXFileReference; lastKnownFileType = sourcecode.swift; path = LoadingView.swift; sourceTree = "<group>"; };
		E99F0B1428D9ED55007BCA65 /* Profile.swift */ = {isa = PBXFileReference; lastKnownFileType = sourcecode.swift; path = Profile.swift; sourceTree = "<group>"; };
		E99F0B1728D9FAE5007BCA65 /* LaunchScreen.storyboard */ = {isa = PBXFileReference; lastKnownFileType = file.storyboard; path = LaunchScreen.storyboard; sourceTree = "<group>"; };
		E9AC5E7328CDE409001C7059 /* Constants.swift */ = {isa = PBXFileReference; lastKnownFileType = sourcecode.swift; path = Constants.swift; sourceTree = "<group>"; };
		E9AC5E7528CDE41C001C7059 /* SettingsView.swift */ = {isa = PBXFileReference; lastKnownFileType = sourcecode.swift; path = SettingsView.swift; sourceTree = "<group>"; };
		E9AC5E7728CDE42F001C7059 /* ProfileView.swift */ = {isa = PBXFileReference; lastKnownFileType = sourcecode.swift; path = ProfileView.swift; sourceTree = "<group>"; };
		E9AC5E7A28CDE4C6001C7059 /* HomeViewModel.swift */ = {isa = PBXFileReference; lastKnownFileType = sourcecode.swift; path = HomeViewModel.swift; sourceTree = "<group>"; };
		E9AC5E7D28CDE4E7001C7059 /* DetailView.swift */ = {isa = PBXFileReference; lastKnownFileType = sourcecode.swift; path = DetailView.swift; sourceTree = "<group>"; };
		E9AC5E8128CDE50D001C7059 /* DetailViewModel.swift */ = {isa = PBXFileReference; lastKnownFileType = sourcecode.swift; path = DetailViewModel.swift; sourceTree = "<group>"; };
		E9AC5E8328CDE535001C7059 /* APIServices.swift */ = {isa = PBXFileReference; lastKnownFileType = sourcecode.swift; path = APIServices.swift; sourceTree = "<group>"; };
		E9AC5E8628CDE562001C7059 /* TabBarView.swift */ = {isa = PBXFileReference; lastKnownFileType = sourcecode.swift; path = TabBarView.swift; sourceTree = "<group>"; };
		E9AC5E8828CDE708001C7059 /* Helper.swift */ = {isa = PBXFileReference; lastKnownFileType = sourcecode.swift; path = Helper.swift; sourceTree = "<group>"; };
		E9AC5E8A28CDE728001C7059 /* Enums.swift */ = {isa = PBXFileReference; lastKnownFileType = sourcecode.swift; path = Enums.swift; sourceTree = "<group>"; };
		E9AC5E8C28CDE8D7001C7059 /* ViewBuilder.swift */ = {isa = PBXFileReference; lastKnownFileType = sourcecode.swift; path = ViewBuilder.swift; sourceTree = "<group>"; };
		E9AC5E8E28CDEAA7001C7059 /* Game.swift */ = {isa = PBXFileReference; lastKnownFileType = sourcecode.swift; path = Game.swift; sourceTree = "<group>"; };
		E9AC5E9028CDEAB0001C7059 /* GameDetail.swift */ = {isa = PBXFileReference; lastKnownFileType = sourcecode.swift; path = GameDetail.swift; sourceTree = "<group>"; };
		E9AC5E9228CDEAC2001C7059 /* Responses.swift */ = {isa = PBXFileReference; lastKnownFileType = sourcecode.swift; path = Responses.swift; sourceTree = "<group>"; };
		E9AC5E9428CDFC33001C7059 /* MovieCardView.swift */ = {isa = PBXFileReference; lastKnownFileType = sourcecode.swift; path = MovieCardView.swift; sourceTree = "<group>"; };
		EE0BFFE16414125CCC529FCB /* Pods-GamerSkuy.release.xcconfig */ = {isa = PBXFileReference; includeInIndex = 1; lastKnownFileType = text.xcconfig; name = "Pods-GamerSkuy.release.xcconfig"; path = "Target Support Files/Pods-GamerSkuy/Pods-GamerSkuy.release.xcconfig"; sourceTree = "<group>"; };
		F8B5F595606FA49DB6B3591A /* Pods-GamerSkuyTests.debug.xcconfig */ = {isa = PBXFileReference; includeInIndex = 1; lastKnownFileType = text.xcconfig; name = "Pods-GamerSkuyTests.debug.xcconfig"; path = "Target Support Files/Pods-GamerSkuyTests/Pods-GamerSkuyTests.debug.xcconfig"; sourceTree = "<group>"; };
/* End PBXFileReference section */

/* Begin PBXFrameworksBuildPhase section */
		E988601D28CB6C5B00D5F850 /* Frameworks */ = {
			isa = PBXFrameworksBuildPhase;
			buildActionMask = 2147483647;
			files = (
				3A8EE41E8137B70B29344122 /* Pods_GamerSkuy.framework in Frameworks */,
			);
			runOnlyForDeploymentPostprocessing = 0;
		};
		E988602D28CB6C5C00D5F850 /* Frameworks */ = {
			isa = PBXFrameworksBuildPhase;
			buildActionMask = 2147483647;
			files = (
				2B7EA02848E7E14296F7A5CA /* Pods_GamerSkuyTests.framework in Frameworks */,
			);
			runOnlyForDeploymentPostprocessing = 0;
		};
		E988603728CB6C5C00D5F850 /* Frameworks */ = {
			isa = PBXFrameworksBuildPhase;
			buildActionMask = 2147483647;
			files = (
				34BA32ADCC4D8EE9C2F33B24 /* Pods_GamerSkuy_GamerSkuyUITests.framework in Frameworks */,
			);
			runOnlyForDeploymentPostprocessing = 0;
		};
/* End PBXFrameworksBuildPhase section */

/* Begin PBXGroup section */
		00F7698A0EF9F10D69C5324C /* Frameworks */ = {
			isa = PBXGroup;
			children = (
				A42CDF41C032351BC34A5767 /* Pods_GamerSkuy.framework */,
				7ADDDBAECDB6A7047DD9F134 /* Pods_GamerSkuy_GamerSkuyUITests.framework */,
				34ED29212D81ACE5F4E83B97 /* Pods_GamerSkuyTests.framework */,
			);
			name = Frameworks;
			sourceTree = "<group>";
		};
		5280D09DF97000492CC71A7F /* Pods */ = {
			isa = PBXGroup;
			children = (
				2C9819D4ADDAA474F07F043A /* Pods-GamerSkuy.debug.xcconfig */,
				EE0BFFE16414125CCC529FCB /* Pods-GamerSkuy.release.xcconfig */,
				77BB1C0DF4ED8CE55C40E5A7 /* Pods-GamerSkuy-GamerSkuyUITests.debug.xcconfig */,
				1BE3C97EAF4FC83F1DBFD352 /* Pods-GamerSkuy-GamerSkuyUITests.release.xcconfig */,
				F8B5F595606FA49DB6B3591A /* Pods-GamerSkuyTests.debug.xcconfig */,
				73F46C50FDABD72EC4A5B986 /* Pods-GamerSkuyTests.release.xcconfig */,
			);
			path = Pods;
			sourceTree = "<group>";
		};
		E924C24328CC2CB600848D5C /* App */ = {
			isa = PBXGroup;
			children = (
				E988602328CB6C5B00D5F850 /* GamerSkuyApp.swift */,
			);
			path = App;
			sourceTree = "<group>";
		};
		E924C24428CC2CC000848D5C /* Data */ = {
			isa = PBXGroup;
			children = (
				E995103828DD3E4700D218C0 /* CoreData */,
				E9AC5E7228CDE3F4001C7059 /* Model */,
				E9AC5E7128CDE3ED001C7059 /* Services */,
			);
			path = Data;
			sourceTree = "<group>";
		};
		E924C24528CC2CCF00848D5C /* Presentation */ = {
			isa = PBXGroup;
			children = (
				E995102F28DD3DE000D218C0 /* Favorite */,
				E995102E28DD3DD800D218C0 /* Search */,
				E99F0B1628D9FAD4007BCA65 /* Launch */,
				E9AC5E8528CDE551001C7059 /* TabBar */,
				E9AC5E7C28CDE4D5001C7059 /* Detail */,
				E9AC5E7928CDE44E001C7059 /* Components */,
				E924C24A28CC2DAB00848D5C /* Settings */,
				E924C24928CC2DA600848D5C /* Profile */,
				E924C24828CC2DA000848D5C /* Home */,
			);
			path = Presentation;
			sourceTree = "<group>";
		};
		E924C24628CC2CD700848D5C /* Utility */ = {
			isa = PBXGroup;
			children = (
				E9AC5E7328CDE409001C7059 /* Constants.swift */,
				E9AC5E8828CDE708001C7059 /* Helper.swift */,
				E9AC5E8A28CDE728001C7059 /* Enums.swift */,
				E9AC5E8C28CDE8D7001C7059 /* ViewBuilder.swift */,
				E969B93828E5C9920075C4A2 /* Extension+Date.swift */,
				E91237C228EB148B006AEA9F /* Extenstion+String.swift */,
			);
			path = Utility;
			sourceTree = "<group>";
		};
		E924C24728CC2D2300848D5C /* Resources */ = {
			isa = PBXGroup;
			children = (
				E995103928DD42D500D218C0 /* Lottie */,
				E988602728CB6C5C00D5F850 /* Assets.xcassets */,
				E988602928CB6C5C00D5F850 /* Preview Content */,
				E988602A28CB6C5C00D5F850 /* Preview Assets.xcassets */,
				E92F29F628E52648009C5200 /* API_KEY.plist */,
			);
			path = Resources;
			sourceTree = "<group>";
		};
		E924C24828CC2DA000848D5C /* Home */ = {
			isa = PBXGroup;
			children = (
				E988602528CB6C5B00D5F850 /* HomeView.swift */,
				E9AC5E7A28CDE4C6001C7059 /* HomeViewModel.swift */,
			);
			path = Home;
			sourceTree = "<group>";
		};
		E924C24928CC2DA600848D5C /* Profile */ = {
			isa = PBXGroup;
			children = (
				E9AC5E7728CDE42F001C7059 /* ProfileView.swift */,
				E90F4EBF28D0172B00F7ADD4 /* ProfileViewModel.swift */,
				E92F29FA28E57452009C5200 /* EditProfileView.swift */,
			);
			path = Profile;
			sourceTree = "<group>";
		};
		E924C24A28CC2DAB00848D5C /* Settings */ = {
			isa = PBXGroup;
			children = (
				E9AC5E7528CDE41C001C7059 /* SettingsView.swift */,
				E91CE86028CECD750030248A /* SettingsViewModel.swift */,
			);
			path = Settings;
			sourceTree = "<group>";
		};
		E988601728CB6C5B00D5F850 = {
			isa = PBXGroup;
			children = (
				E988602228CB6C5B00D5F850 /* GamerSkuy */,
				E988602128CB6C5B00D5F850 /* Products */,
				5280D09DF97000492CC71A7F /* Pods */,
				00F7698A0EF9F10D69C5324C /* Frameworks */,
			);
			sourceTree = "<group>";
		};
		E988602128CB6C5B00D5F850 /* Products */ = {
			isa = PBXGroup;
			children = (
				E988602028CB6C5B00D5F850 /* GamerSkuy.app */,
				E988603028CB6C5C00D5F850 /* GamerSkuyTests.xctest */,
				E988603A28CB6C5C00D5F850 /* GamerSkuyUITests.xctest */,
			);
			name = Products;
			sourceTree = "<group>";
		};
		E988602228CB6C5B00D5F850 /* GamerSkuy */ = {
			isa = PBXGroup;
			children = (
				E924C24728CC2D2300848D5C /* Resources */,
				E924C24628CC2CD700848D5C /* Utility */,
				E924C24528CC2CCF00848D5C /* Presentation */,
				E924C24428CC2CC000848D5C /* Data */,
				E924C24328CC2CB600848D5C /* App */,
			);
			path = GamerSkuy;
			sourceTree = "<group>";
		};
		E988602928CB6C5C00D5F850 /* Preview Content */ = {
			isa = PBXGroup;
			children = (
			);
			path = "Preview Content";
			sourceTree = "<group>";
		};
		E995102E28DD3DD800D218C0 /* Search */ = {
			isa = PBXGroup;
			children = (
				E995103228DD3DFC00D218C0 /* SearchView.swift */,
				E995103628DD3E1200D218C0 /* SearchViewModel.swift */,
			);
			path = Search;
			sourceTree = "<group>";
		};
		E995102F28DD3DE000D218C0 /* Favorite */ = {
			isa = PBXGroup;
			children = (
				E995103028DD3DF100D218C0 /* FavoriteView.swift */,
				E995103428DD3E0700D218C0 /* FavoriteViewModel.swift */,
			);
			path = Favorite;
			sourceTree = "<group>";
		};
		E995103828DD3E4700D218C0 /* CoreData */ = {
			isa = PBXGroup;
			children = (
				E995103E28DD461B00D218C0 /* FavoriteGame.xcdatamodeld */,
				E995104128DD4A7E00D218C0 /* CoreDataManager.swift */,
			);
			path = CoreData;
			sourceTree = "<group>";
		};
		E995103928DD42D500D218C0 /* Lottie */ = {
			isa = PBXGroup;
			children = (
				E995103C28DD430500D218C0 /* not-found.json */,
			);
			path = Lottie;
			sourceTree = "<group>";
		};
		E99F0B1628D9FAD4007BCA65 /* Launch */ = {
			isa = PBXGroup;
			children = (
				E99F0B1728D9FAE5007BCA65 /* LaunchScreen.storyboard */,
			);
			path = Launch;
			sourceTree = "<group>";
		};
		E9AC5E7128CDE3ED001C7059 /* Services */ = {
			isa = PBXGroup;
			children = (
				E9AC5E8328CDE535001C7059 /* APIServices.swift */,
				E9AC5E9228CDEAC2001C7059 /* Responses.swift */,
			);
			path = Services;
			sourceTree = "<group>";
		};
		E9AC5E7228CDE3F4001C7059 /* Model */ = {
			isa = PBXGroup;
			children = (
				E9AC5E8E28CDEAA7001C7059 /* Game.swift */,
				E9AC5E9028CDEAB0001C7059 /* GameDetail.swift */,
				E91CE85C28CEB7DA0030248A /* Genre.swift */,
				E930FC5D28D897E7009C583E /* Trailer.swift */,
				E99F0B1428D9ED55007BCA65 /* Profile.swift */,
				E92F29F828E551BF009C5200 /* GameFavorite.swift */,
			);
			path = Model;
			sourceTree = "<group>";
		};
		E9AC5E7928CDE44E001C7059 /* Components */ = {
			isa = PBXGroup;
			children = (
				E9AC5E9428CDFC33001C7059 /* MovieCardView.swift */,
				E91CE85E28CEBB1B0030248A /* CategoryCardView.swift */,
				E91CE86228CEEBCE0030248A /* SearchBarView.swift */,
				E930FC5F28D8AB6B009C583E /* TrailerCardView.swift */,
				E99F0B1128D9C8FD007BCA65 /* LoadingView.swift */,
				E969B93A28E5E7120075C4A2 /* NoDataViewAnimation.swift */,
				E969B93C28E5EBFE0075C4A2 /* NoDataView.swift */,
			);
			path = Components;
			sourceTree = "<group>";
		};
		E9AC5E7C28CDE4D5001C7059 /* Detail */ = {
			isa = PBXGroup;
			children = (
				E9AC5E7D28CDE4E7001C7059 /* DetailView.swift */,
				E9AC5E8128CDE50D001C7059 /* DetailViewModel.swift */,
				E91CE86428CEECC60030248A /* DetailTrailerView.swift */,
			);
			path = Detail;
			sourceTree = "<group>";
		};
		E9AC5E8528CDE551001C7059 /* TabBar */ = {
			isa = PBXGroup;
			children = (
				E9AC5E8628CDE562001C7059 /* TabBarView.swift */,
			);
			path = TabBar;
			sourceTree = "<group>";
		};
/* End PBXGroup section */

/* Begin PBXNativeTarget section */
		E988601F28CB6C5B00D5F850 /* GamerSkuy */ = {
			isa = PBXNativeTarget;
			buildConfigurationList = E988604428CB6C5C00D5F850 /* Build configuration list for PBXNativeTarget "GamerSkuy" */;
			buildPhases = (
				FBEAD42AD6CDB6EF0DC2C44A /* [CP] Check Pods Manifest.lock */,
				E99F0B1328D9D351007BCA65 /* Run SwiftLint */,
				E988601C28CB6C5B00D5F850 /* Sources */,
				E988601D28CB6C5B00D5F850 /* Frameworks */,
				E988601E28CB6C5B00D5F850 /* Resources */,
				86B63DEB7A9102ED6BC18695 /* [CP] Embed Pods Frameworks */,
			);
			buildRules = (
			);
			dependencies = (
			);
			name = GamerSkuy;
			productName = GamerSkuy;
			productReference = E988602028CB6C5B00D5F850 /* GamerSkuy.app */;
			productType = "com.apple.product-type.application";
		};
		E988602F28CB6C5C00D5F850 /* GamerSkuyTests */ = {
			isa = PBXNativeTarget;
			buildConfigurationList = E988604728CB6C5C00D5F850 /* Build configuration list for PBXNativeTarget "GamerSkuyTests" */;
			buildPhases = (
				92D2E11DFD7FC994CD3B9B69 /* [CP] Check Pods Manifest.lock */,
				E988602C28CB6C5C00D5F850 /* Sources */,
				E988602D28CB6C5C00D5F850 /* Frameworks */,
				E988602E28CB6C5C00D5F850 /* Resources */,
			);
			buildRules = (
			);
			dependencies = (
				E988603228CB6C5C00D5F850 /* PBXTargetDependency */,
			);
			name = GamerSkuyTests;
			productName = GamerSkuyTests;
			productReference = E988603028CB6C5C00D5F850 /* GamerSkuyTests.xctest */;
			productType = "com.apple.product-type.bundle.unit-test";
		};
		E988603928CB6C5C00D5F850 /* GamerSkuyUITests */ = {
			isa = PBXNativeTarget;
			buildConfigurationList = E988604A28CB6C5C00D5F850 /* Build configuration list for PBXNativeTarget "GamerSkuyUITests" */;
			buildPhases = (
				2E068B5DEA3511BB28CA4983 /* [CP] Check Pods Manifest.lock */,
				E988603628CB6C5C00D5F850 /* Sources */,
				E988603728CB6C5C00D5F850 /* Frameworks */,
				E988603828CB6C5C00D5F850 /* Resources */,
				260CB60A71F894AA605DD533 /* [CP] Embed Pods Frameworks */,
			);
			buildRules = (
			);
			dependencies = (
				E988603C28CB6C5C00D5F850 /* PBXTargetDependency */,
			);
			name = GamerSkuyUITests;
			productName = GamerSkuyUITests;
			productReference = E988603A28CB6C5C00D5F850 /* GamerSkuyUITests.xctest */;
			productType = "com.apple.product-type.bundle.ui-testing";
		};
/* End PBXNativeTarget section */

/* Begin PBXProject section */
		E988601828CB6C5B00D5F850 /* Project object */ = {
			isa = PBXProject;
			attributes = {
				BuildIndependentTargetsInParallel = 1;
				LastSwiftUpdateCheck = 1340;
				LastUpgradeCheck = 1340;
				TargetAttributes = {
					E988601F28CB6C5B00D5F850 = {
						CreatedOnToolsVersion = 13.4.1;
					};
					E988602F28CB6C5C00D5F850 = {
						CreatedOnToolsVersion = 13.4.1;
						TestTargetID = E988601F28CB6C5B00D5F850;
					};
					E988603928CB6C5C00D5F850 = {
						CreatedOnToolsVersion = 13.4.1;
						TestTargetID = E988601F28CB6C5B00D5F850;
					};
				};
			};
			buildConfigurationList = E988601B28CB6C5B00D5F850 /* Build configuration list for PBXProject "GamerSkuy" */;
			compatibilityVersion = "Xcode 13.0";
			developmentRegion = en;
			hasScannedForEncodings = 0;
			knownRegions = (
				en,
				Base,
			);
			mainGroup = E988601728CB6C5B00D5F850;
			productRefGroup = E988602128CB6C5B00D5F850 /* Products */;
			projectDirPath = "";
			projectRoot = "";
			targets = (
				E988601F28CB6C5B00D5F850 /* GamerSkuy */,
				E988602F28CB6C5C00D5F850 /* GamerSkuyTests */,
				E988603928CB6C5C00D5F850 /* GamerSkuyUITests */,
			);
		};
/* End PBXProject section */

/* Begin PBXResourcesBuildPhase section */
		E988601E28CB6C5B00D5F850 /* Resources */ = {
			isa = PBXResourcesBuildPhase;
			buildActionMask = 2147483647;
			files = (
				E99F0B1828D9FAE5007BCA65 /* LaunchScreen.storyboard in Resources */,
				E988602B28CB6C5C00D5F850 /* Preview Assets.xcassets in Resources */,
				E995103D28DD430500D218C0 /* not-found.json in Resources */,
				E92F29F728E52648009C5200 /* API_KEY.plist in Resources */,
				E988602828CB6C5C00D5F850 /* Assets.xcassets in Resources */,
			);
			runOnlyForDeploymentPostprocessing = 0;
		};
		E988602E28CB6C5C00D5F850 /* Resources */ = {
			isa = PBXResourcesBuildPhase;
			buildActionMask = 2147483647;
			files = (
			);
			runOnlyForDeploymentPostprocessing = 0;
		};
		E988603828CB6C5C00D5F850 /* Resources */ = {
			isa = PBXResourcesBuildPhase;
			buildActionMask = 2147483647;
			files = (
			);
			runOnlyForDeploymentPostprocessing = 0;
		};
/* End PBXResourcesBuildPhase section */

/* Begin PBXShellScriptBuildPhase section */
		260CB60A71F894AA605DD533 /* [CP] Embed Pods Frameworks */ = {
			isa = PBXShellScriptBuildPhase;
			buildActionMask = 2147483647;
			files = (
			);
			inputFileListPaths = (
				"${PODS_ROOT}/Target Support Files/Pods-GamerSkuy-GamerSkuyUITests/Pods-GamerSkuy-GamerSkuyUITests-frameworks-${CONFIGURATION}-input-files.xcfilelist",
			);
			name = "[CP] Embed Pods Frameworks";
			outputFileListPaths = (
				"${PODS_ROOT}/Target Support Files/Pods-GamerSkuy-GamerSkuyUITests/Pods-GamerSkuy-GamerSkuyUITests-frameworks-${CONFIGURATION}-output-files.xcfilelist",
			);
			runOnlyForDeploymentPostprocessing = 0;
			shellPath = /bin/sh;
			shellScript = "\"${PODS_ROOT}/Target Support Files/Pods-GamerSkuy-GamerSkuyUITests/Pods-GamerSkuy-GamerSkuyUITests-frameworks.sh\"\n";
			showEnvVarsInLog = 0;
		};
		2E068B5DEA3511BB28CA4983 /* [CP] Check Pods Manifest.lock */ = {
			isa = PBXShellScriptBuildPhase;
			buildActionMask = 2147483647;
			files = (
			);
			inputFileListPaths = (
			);
			inputPaths = (
				"${PODS_PODFILE_DIR_PATH}/Podfile.lock",
				"${PODS_ROOT}/Manifest.lock",
			);
			name = "[CP] Check Pods Manifest.lock";
			outputFileListPaths = (
			);
			outputPaths = (
				"$(DERIVED_FILE_DIR)/Pods-GamerSkuy-GamerSkuyUITests-checkManifestLockResult.txt",
			);
			runOnlyForDeploymentPostprocessing = 0;
			shellPath = /bin/sh;
			shellScript = "diff \"${PODS_PODFILE_DIR_PATH}/Podfile.lock\" \"${PODS_ROOT}/Manifest.lock\" > /dev/null\nif [ $? != 0 ] ; then\n    # print error to STDERR\n    echo \"error: The sandbox is not in sync with the Podfile.lock. Run 'pod install' or update your CocoaPods installation.\" >&2\n    exit 1\nfi\n# This output is used by Xcode 'outputs' to avoid re-running this script phase.\necho \"SUCCESS\" > \"${SCRIPT_OUTPUT_FILE_0}\"\n";
			showEnvVarsInLog = 0;
		};
		86B63DEB7A9102ED6BC18695 /* [CP] Embed Pods Frameworks */ = {
			isa = PBXShellScriptBuildPhase;
			buildActionMask = 2147483647;
			files = (
			);
			inputFileListPaths = (
				"${PODS_ROOT}/Target Support Files/Pods-GamerSkuy/Pods-GamerSkuy-frameworks-${CONFIGURATION}-input-files.xcfilelist",
			);
			name = "[CP] Embed Pods Frameworks";
			outputFileListPaths = (
				"${PODS_ROOT}/Target Support Files/Pods-GamerSkuy/Pods-GamerSkuy-frameworks-${CONFIGURATION}-output-files.xcfilelist",
			);
			runOnlyForDeploymentPostprocessing = 0;
			shellPath = /bin/sh;
			shellScript = "\"${PODS_ROOT}/Target Support Files/Pods-GamerSkuy/Pods-GamerSkuy-frameworks.sh\"\n";
			showEnvVarsInLog = 0;
		};
		92D2E11DFD7FC994CD3B9B69 /* [CP] Check Pods Manifest.lock */ = {
			isa = PBXShellScriptBuildPhase;
			buildActionMask = 2147483647;
			files = (
			);
			inputFileListPaths = (
			);
			inputPaths = (
				"${PODS_PODFILE_DIR_PATH}/Podfile.lock",
				"${PODS_ROOT}/Manifest.lock",
			);
			name = "[CP] Check Pods Manifest.lock";
			outputFileListPaths = (
			);
			outputPaths = (
				"$(DERIVED_FILE_DIR)/Pods-GamerSkuyTests-checkManifestLockResult.txt",
			);
			runOnlyForDeploymentPostprocessing = 0;
			shellPath = /bin/sh;
			shellScript = "diff \"${PODS_PODFILE_DIR_PATH}/Podfile.lock\" \"${PODS_ROOT}/Manifest.lock\" > /dev/null\nif [ $? != 0 ] ; then\n    # print error to STDERR\n    echo \"error: The sandbox is not in sync with the Podfile.lock. Run 'pod install' or update your CocoaPods installation.\" >&2\n    exit 1\nfi\n# This output is used by Xcode 'outputs' to avoid re-running this script phase.\necho \"SUCCESS\" > \"${SCRIPT_OUTPUT_FILE_0}\"\n";
			showEnvVarsInLog = 0;
		};
		E99F0B1328D9D351007BCA65 /* Run SwiftLint */ = {
			isa = PBXShellScriptBuildPhase;
			buildActionMask = 2147483647;
			files = (
			);
			inputFileListPaths = (
			);
			inputPaths = (
			);
			name = "Run SwiftLint";
			outputFileListPaths = (
			);
			outputPaths = (
			);
			runOnlyForDeploymentPostprocessing = 0;
			shellPath = /bin/sh;
			shellScript = "# Type a script or drag a script file from your workspace to insert its path.\nexport PATH=\"$PATH:/opt/homebrew/bin\"\nif which swiftlint > /dev/null; then\n  swiftlint\nelse\n  echo \"warning: SwiftLint not installed, download from https://github.com/realm/SwiftLint\"\nfi\n";
		};
		FBEAD42AD6CDB6EF0DC2C44A /* [CP] Check Pods Manifest.lock */ = {
			isa = PBXShellScriptBuildPhase;
			buildActionMask = 2147483647;
			files = (
			);
			inputFileListPaths = (
			);
			inputPaths = (
				"${PODS_PODFILE_DIR_PATH}/Podfile.lock",
				"${PODS_ROOT}/Manifest.lock",
			);
			name = "[CP] Check Pods Manifest.lock";
			outputFileListPaths = (
			);
			outputPaths = (
				"$(DERIVED_FILE_DIR)/Pods-GamerSkuy-checkManifestLockResult.txt",
			);
			runOnlyForDeploymentPostprocessing = 0;
			shellPath = /bin/sh;
			shellScript = "diff \"${PODS_PODFILE_DIR_PATH}/Podfile.lock\" \"${PODS_ROOT}/Manifest.lock\" > /dev/null\nif [ $? != 0 ] ; then\n    # print error to STDERR\n    echo \"error: The sandbox is not in sync with the Podfile.lock. Run 'pod install' or update your CocoaPods installation.\" >&2\n    exit 1\nfi\n# This output is used by Xcode 'outputs' to avoid re-running this script phase.\necho \"SUCCESS\" > \"${SCRIPT_OUTPUT_FILE_0}\"\n";
			showEnvVarsInLog = 0;
		};
/* End PBXShellScriptBuildPhase section */

/* Begin PBXSourcesBuildPhase section */
		E988601C28CB6C5B00D5F850 /* Sources */ = {
			isa = PBXSourcesBuildPhase;
			buildActionMask = 2147483647;
			files = (
				E92F29FB28E57452009C5200 /* EditProfileView.swift in Sources */,
				E9AC5E8928CDE708001C7059 /* Helper.swift in Sources */,
				E988602628CB6C5B00D5F850 /* HomeView.swift in Sources */,
				E9AC5E7B28CDE4C6001C7059 /* HomeViewModel.swift in Sources */,
				E969B93B28E5E7120075C4A2 /* NoDataViewAnimation.swift in Sources */,
				E995103328DD3DFC00D218C0 /* SearchView.swift in Sources */,
				E9AC5E7628CDE41C001C7059 /* SettingsView.swift in Sources */,
				E9AC5E9128CDEAB0001C7059 /* GameDetail.swift in Sources */,
				E9AC5E7E28CDE4E7001C7059 /* DetailView.swift in Sources */,
				E9AC5E7828CDE42F001C7059 /* ProfileView.swift in Sources */,
				E9AC5E9528CDFC33001C7059 /* MovieCardView.swift in Sources */,
				E988602428CB6C5B00D5F850 /* GamerSkuyApp.swift in Sources */,
				E91CE85F28CEBB1B0030248A /* CategoryCardView.swift in Sources */,
				E995104028DD461B00D218C0 /* FavoriteGame.xcdatamodeld in Sources */,
				E91CE86328CEEBCE0030248A /* SearchBarView.swift in Sources */,
				E99F0B1228D9C8FD007BCA65 /* LoadingView.swift in Sources */,
				E91CE85D28CEB7DA0030248A /* Genre.swift in Sources */,
				E9AC5E7428CDE409001C7059 /* Constants.swift in Sources */,
				E9AC5E8D28CDE8D7001C7059 /* ViewBuilder.swift in Sources */,
				E92F29F928E551C0009C5200 /* GameFavorite.swift in Sources */,
				E9AC5E8F28CDEAA7001C7059 /* Game.swift in Sources */,
				E995103128DD3DF100D218C0 /* FavoriteView.swift in Sources */,
				E969B93928E5C9920075C4A2 /* Extension+Date.swift in Sources */,
				E995103528DD3E0700D218C0 /* FavoriteViewModel.swift in Sources */,
				E90F4EC028D0172C00F7ADD4 /* ProfileViewModel.swift in Sources */,
				E995104228DD4A7E00D218C0 /* CoreDataManager.swift in Sources */,
				E91CE86528CEECC60030248A /* DetailTrailerView.swift in Sources */,
				E9AC5E8228CDE50D001C7059 /* DetailViewModel.swift in Sources */,
				E91CE86128CECD750030248A /* SettingsViewModel.swift in Sources */,
				E9AC5E9328CDEAC2001C7059 /* Responses.swift in Sources */,
				E995103728DD3E1200D218C0 /* SearchViewModel.swift in Sources */,
				E969B93D28E5EBFE0075C4A2 /* NoDataView.swift in Sources */,
				E930FC5E28D897E7009C583E /* Trailer.swift in Sources */,
				E930FC6028D8AB6B009C583E /* TrailerCardView.swift in Sources */,
				E9AC5E8728CDE562001C7059 /* TabBarView.swift in Sources */,
				E9AC5E8B28CDE728001C7059 /* Enums.swift in Sources */,
				E99F0B1528D9ED55007BCA65 /* Profile.swift in Sources */,
				E9AC5E8428CDE535001C7059 /* APIServices.swift in Sources */,
				E91237C328EB148B006AEA9F /* Extenstion+String.swift in Sources */,
			);
			runOnlyForDeploymentPostprocessing = 0;
		};
		E988602C28CB6C5C00D5F850 /* Sources */ = {
			isa = PBXSourcesBuildPhase;
			buildActionMask = 2147483647;
			files = (
			);
			runOnlyForDeploymentPostprocessing = 0;
		};
		E988603628CB6C5C00D5F850 /* Sources */ = {
			isa = PBXSourcesBuildPhase;
			buildActionMask = 2147483647;
			files = (
			);
			runOnlyForDeploymentPostprocessing = 0;
		};
/* End PBXSourcesBuildPhase section */

/* Begin PBXTargetDependency section */
		E988603228CB6C5C00D5F850 /* PBXTargetDependency */ = {
			isa = PBXTargetDependency;
			target = E988601F28CB6C5B00D5F850 /* GamerSkuy */;
			targetProxy = E988603128CB6C5C00D5F850 /* PBXContainerItemProxy */;
		};
		E988603C28CB6C5C00D5F850 /* PBXTargetDependency */ = {
			isa = PBXTargetDependency;
			target = E988601F28CB6C5B00D5F850 /* GamerSkuy */;
			targetProxy = E988603B28CB6C5C00D5F850 /* PBXContainerItemProxy */;
		};
/* End PBXTargetDependency section */

/* Begin XCBuildConfiguration section */
		E988604228CB6C5C00D5F850 /* Debug */ = {
			isa = XCBuildConfiguration;
			buildSettings = {
				ALWAYS_SEARCH_USER_PATHS = NO;
				CLANG_ANALYZER_NONNULL = YES;
				CLANG_ANALYZER_NUMBER_OBJECT_CONVERSION = YES_AGGRESSIVE;
				CLANG_CXX_LANGUAGE_STANDARD = "gnu++17";
				CLANG_ENABLE_MODULES = YES;
				CLANG_ENABLE_OBJC_ARC = YES;
				CLANG_ENABLE_OBJC_WEAK = YES;
				CLANG_WARN_BLOCK_CAPTURE_AUTORELEASING = YES;
				CLANG_WARN_BOOL_CONVERSION = YES;
				CLANG_WARN_COMMA = YES;
				CLANG_WARN_CONSTANT_CONVERSION = YES;
				CLANG_WARN_DEPRECATED_OBJC_IMPLEMENTATIONS = YES;
				CLANG_WARN_DIRECT_OBJC_ISA_USAGE = YES_ERROR;
				CLANG_WARN_DOCUMENTATION_COMMENTS = YES;
				CLANG_WARN_EMPTY_BODY = YES;
				CLANG_WARN_ENUM_CONVERSION = YES;
				CLANG_WARN_INFINITE_RECURSION = YES;
				CLANG_WARN_INT_CONVERSION = YES;
				CLANG_WARN_NON_LITERAL_NULL_CONVERSION = YES;
				CLANG_WARN_OBJC_IMPLICIT_RETAIN_SELF = YES;
				CLANG_WARN_OBJC_LITERAL_CONVERSION = YES;
				CLANG_WARN_OBJC_ROOT_CLASS = YES_ERROR;
				CLANG_WARN_QUOTED_INCLUDE_IN_FRAMEWORK_HEADER = YES;
				CLANG_WARN_RANGE_LOOP_ANALYSIS = YES;
				CLANG_WARN_STRICT_PROTOTYPES = YES;
				CLANG_WARN_SUSPICIOUS_MOVE = YES;
				CLANG_WARN_UNGUARDED_AVAILABILITY = YES_AGGRESSIVE;
				CLANG_WARN_UNREACHABLE_CODE = YES;
				CLANG_WARN__DUPLICATE_METHOD_MATCH = YES;
				COPY_PHASE_STRIP = NO;
				DEBUG_INFORMATION_FORMAT = dwarf;
				ENABLE_STRICT_OBJC_MSGSEND = YES;
				ENABLE_TESTABILITY = YES;
				GCC_C_LANGUAGE_STANDARD = gnu11;
				GCC_DYNAMIC_NO_PIC = NO;
				GCC_NO_COMMON_BLOCKS = YES;
				GCC_OPTIMIZATION_LEVEL = 0;
				GCC_PREPROCESSOR_DEFINITIONS = (
					"DEBUG=1",
					"$(inherited)",
				);
				GCC_WARN_64_TO_32_BIT_CONVERSION = YES;
				GCC_WARN_ABOUT_RETURN_TYPE = YES_ERROR;
				GCC_WARN_UNDECLARED_SELECTOR = YES;
				GCC_WARN_UNINITIALIZED_AUTOS = YES_AGGRESSIVE;
				GCC_WARN_UNUSED_FUNCTION = YES;
				GCC_WARN_UNUSED_VARIABLE = YES;
				IPHONEOS_DEPLOYMENT_TARGET = 15.5;
				MTL_ENABLE_DEBUG_INFO = INCLUDE_SOURCE;
				MTL_FAST_MATH = YES;
				ONLY_ACTIVE_ARCH = YES;
				SDKROOT = iphoneos;
				SWIFT_ACTIVE_COMPILATION_CONDITIONS = DEBUG;
				SWIFT_OPTIMIZATION_LEVEL = "-Onone";
			};
			name = Debug;
		};
		E988604328CB6C5C00D5F850 /* Release */ = {
			isa = XCBuildConfiguration;
			buildSettings = {
				ALWAYS_SEARCH_USER_PATHS = NO;
				CLANG_ANALYZER_NONNULL = YES;
				CLANG_ANALYZER_NUMBER_OBJECT_CONVERSION = YES_AGGRESSIVE;
				CLANG_CXX_LANGUAGE_STANDARD = "gnu++17";
				CLANG_ENABLE_MODULES = YES;
				CLANG_ENABLE_OBJC_ARC = YES;
				CLANG_ENABLE_OBJC_WEAK = YES;
				CLANG_WARN_BLOCK_CAPTURE_AUTORELEASING = YES;
				CLANG_WARN_BOOL_CONVERSION = YES;
				CLANG_WARN_COMMA = YES;
				CLANG_WARN_CONSTANT_CONVERSION = YES;
				CLANG_WARN_DEPRECATED_OBJC_IMPLEMENTATIONS = YES;
				CLANG_WARN_DIRECT_OBJC_ISA_USAGE = YES_ERROR;
				CLANG_WARN_DOCUMENTATION_COMMENTS = YES;
				CLANG_WARN_EMPTY_BODY = YES;
				CLANG_WARN_ENUM_CONVERSION = YES;
				CLANG_WARN_INFINITE_RECURSION = YES;
				CLANG_WARN_INT_CONVERSION = YES;
				CLANG_WARN_NON_LITERAL_NULL_CONVERSION = YES;
				CLANG_WARN_OBJC_IMPLICIT_RETAIN_SELF = YES;
				CLANG_WARN_OBJC_LITERAL_CONVERSION = YES;
				CLANG_WARN_OBJC_ROOT_CLASS = YES_ERROR;
				CLANG_WARN_QUOTED_INCLUDE_IN_FRAMEWORK_HEADER = YES;
				CLANG_WARN_RANGE_LOOP_ANALYSIS = YES;
				CLANG_WARN_STRICT_PROTOTYPES = YES;
				CLANG_WARN_SUSPICIOUS_MOVE = YES;
				CLANG_WARN_UNGUARDED_AVAILABILITY = YES_AGGRESSIVE;
				CLANG_WARN_UNREACHABLE_CODE = YES;
				CLANG_WARN__DUPLICATE_METHOD_MATCH = YES;
				COPY_PHASE_STRIP = NO;
				DEBUG_INFORMATION_FORMAT = "dwarf-with-dsym";
				ENABLE_NS_ASSERTIONS = NO;
				ENABLE_STRICT_OBJC_MSGSEND = YES;
				GCC_C_LANGUAGE_STANDARD = gnu11;
				GCC_NO_COMMON_BLOCKS = YES;
				GCC_WARN_64_TO_32_BIT_CONVERSION = YES;
				GCC_WARN_ABOUT_RETURN_TYPE = YES_ERROR;
				GCC_WARN_UNDECLARED_SELECTOR = YES;
				GCC_WARN_UNINITIALIZED_AUTOS = YES_AGGRESSIVE;
				GCC_WARN_UNUSED_FUNCTION = YES;
				GCC_WARN_UNUSED_VARIABLE = YES;
				IPHONEOS_DEPLOYMENT_TARGET = 15.5;
				MTL_ENABLE_DEBUG_INFO = NO;
				MTL_FAST_MATH = YES;
				SDKROOT = iphoneos;
				SWIFT_COMPILATION_MODE = wholemodule;
				SWIFT_OPTIMIZATION_LEVEL = "-O";
				VALIDATE_PRODUCT = YES;
			};
			name = Release;
		};
		E988604528CB6C5C00D5F850 /* Debug */ = {
			isa = XCBuildConfiguration;
			baseConfigurationReference = 2C9819D4ADDAA474F07F043A /* Pods-GamerSkuy.debug.xcconfig */;
			buildSettings = {
				ASSETCATALOG_COMPILER_APPICON_NAME = AppIcon;
				ASSETCATALOG_COMPILER_GLOBAL_ACCENT_COLOR_NAME = AccentColor;
				CODE_SIGN_STYLE = Automatic;
				CURRENT_PROJECT_VERSION = 1;
				DEVELOPMENT_ASSET_PATHS = "\"GamerSkuy/Resources/Preview Content\"";
				DEVELOPMENT_TEAM = Q6JT9SDQN5;
				ENABLE_PREVIEWS = YES;
				GENERATE_INFOPLIST_FILE = YES;
				INFOPLIST_KEY_UIApplicationSceneManifest_Generation = YES;
				INFOPLIST_KEY_UIApplicationSupportsIndirectInputEvents = YES;
				INFOPLIST_KEY_UILaunchScreen_Generation = YES;
				INFOPLIST_KEY_UILaunchStoryboardName = LaunchScreen;
				INFOPLIST_KEY_UISupportedInterfaceOrientations_iPad = "UIInterfaceOrientationPortrait UIInterfaceOrientationPortraitUpsideDown UIInterfaceOrientationLandscapeLeft UIInterfaceOrientationLandscapeRight";
				INFOPLIST_KEY_UISupportedInterfaceOrientations_iPhone = "UIInterfaceOrientationPortrait UIInterfaceOrientationLandscapeLeft UIInterfaceOrientationLandscapeRight";
				LD_RUNPATH_SEARCH_PATHS = (
					"$(inherited)",
					"@executable_path/Frameworks",
				);
				MARKETING_VERSION = 1.0;
				PRODUCT_BUNDLE_IDENTIFIER = com.dimas.GamerSkuy;
				PRODUCT_NAME = "$(TARGET_NAME)";
				SWIFT_EMIT_LOC_STRINGS = YES;
				SWIFT_VERSION = 5.0;
				TARGETED_DEVICE_FAMILY = "1,2";
			};
			name = Debug;
		};
		E988604628CB6C5C00D5F850 /* Release */ = {
			isa = XCBuildConfiguration;
			baseConfigurationReference = EE0BFFE16414125CCC529FCB /* Pods-GamerSkuy.release.xcconfig */;
			buildSettings = {
				ASSETCATALOG_COMPILER_APPICON_NAME = AppIcon;
				ASSETCATALOG_COMPILER_GLOBAL_ACCENT_COLOR_NAME = AccentColor;
				CODE_SIGN_STYLE = Automatic;
				CURRENT_PROJECT_VERSION = 1;
				DEVELOPMENT_ASSET_PATHS = "\"GamerSkuy/Resources/Preview Content\"";
				DEVELOPMENT_TEAM = Q6JT9SDQN5;
				ENABLE_PREVIEWS = YES;
				GENERATE_INFOPLIST_FILE = YES;
				INFOPLIST_KEY_UIApplicationSceneManifest_Generation = YES;
				INFOPLIST_KEY_UIApplicationSupportsIndirectInputEvents = YES;
				INFOPLIST_KEY_UILaunchScreen_Generation = YES;
				INFOPLIST_KEY_UILaunchStoryboardName = LaunchScreen;
				INFOPLIST_KEY_UISupportedInterfaceOrientations_iPad = "UIInterfaceOrientationPortrait UIInterfaceOrientationPortraitUpsideDown UIInterfaceOrientationLandscapeLeft UIInterfaceOrientationLandscapeRight";
				INFOPLIST_KEY_UISupportedInterfaceOrientations_iPhone = "UIInterfaceOrientationPortrait UIInterfaceOrientationLandscapeLeft UIInterfaceOrientationLandscapeRight";
				LD_RUNPATH_SEARCH_PATHS = (
					"$(inherited)",
					"@executable_path/Frameworks",
				);
				MARKETING_VERSION = 1.0;
				PRODUCT_BUNDLE_IDENTIFIER = com.dimas.GamerSkuy;
				PRODUCT_NAME = "$(TARGET_NAME)";
				SWIFT_EMIT_LOC_STRINGS = YES;
				SWIFT_VERSION = 5.0;
				TARGETED_DEVICE_FAMILY = "1,2";
			};
			name = Release;
		};
		E988604828CB6C5C00D5F850 /* Debug */ = {
			isa = XCBuildConfiguration;
			baseConfigurationReference = F8B5F595606FA49DB6B3591A /* Pods-GamerSkuyTests.debug.xcconfig */;
			buildSettings = {
				ALWAYS_EMBED_SWIFT_STANDARD_LIBRARIES = YES;
				BUNDLE_LOADER = "$(TEST_HOST)";
				CODE_SIGN_STYLE = Automatic;
				CURRENT_PROJECT_VERSION = 1;
				DEVELOPMENT_TEAM = Q6JT9SDQN5;
				GENERATE_INFOPLIST_FILE = YES;
				IPHONEOS_DEPLOYMENT_TARGET = 15.5;
				MARKETING_VERSION = 1.0;
				PRODUCT_BUNDLE_IDENTIFIER = com.dimas.GamerSkuyTests;
				PRODUCT_NAME = "$(TARGET_NAME)";
				SWIFT_EMIT_LOC_STRINGS = NO;
				SWIFT_VERSION = 5.0;
				TARGETED_DEVICE_FAMILY = "1,2";
				TEST_HOST = "$(BUILT_PRODUCTS_DIR)/GamerSkuy.app/GamerSkuy";
			};
			name = Debug;
		};
		E988604928CB6C5C00D5F850 /* Release */ = {
			isa = XCBuildConfiguration;
			baseConfigurationReference = 73F46C50FDABD72EC4A5B986 /* Pods-GamerSkuyTests.release.xcconfig */;
			buildSettings = {
				ALWAYS_EMBED_SWIFT_STANDARD_LIBRARIES = YES;
				BUNDLE_LOADER = "$(TEST_HOST)";
				CODE_SIGN_STYLE = Automatic;
				CURRENT_PROJECT_VERSION = 1;
				DEVELOPMENT_TEAM = Q6JT9SDQN5;
				GENERATE_INFOPLIST_FILE = YES;
				IPHONEOS_DEPLOYMENT_TARGET = 15.5;
				MARKETING_VERSION = 1.0;
				PRODUCT_BUNDLE_IDENTIFIER = com.dimas.GamerSkuyTests;
				PRODUCT_NAME = "$(TARGET_NAME)";
				SWIFT_EMIT_LOC_STRINGS = NO;
				SWIFT_VERSION = 5.0;
				TARGETED_DEVICE_FAMILY = "1,2";
				TEST_HOST = "$(BUILT_PRODUCTS_DIR)/GamerSkuy.app/GamerSkuy";
			};
			name = Release;
		};
		E988604B28CB6C5C00D5F850 /* Debug */ = {
			isa = XCBuildConfiguration;
			baseConfigurationReference = 77BB1C0DF4ED8CE55C40E5A7 /* Pods-GamerSkuy-GamerSkuyUITests.debug.xcconfig */;
			buildSettings = {
				ALWAYS_EMBED_SWIFT_STANDARD_LIBRARIES = YES;
				CODE_SIGN_STYLE = Automatic;
				CURRENT_PROJECT_VERSION = 1;
				DEVELOPMENT_TEAM = Q6JT9SDQN5;
				GENERATE_INFOPLIST_FILE = YES;
				MARKETING_VERSION = 1.0;
				PRODUCT_BUNDLE_IDENTIFIER = com.dimas.GamerSkuyUITests;
				PRODUCT_NAME = "$(TARGET_NAME)";
				SWIFT_EMIT_LOC_STRINGS = NO;
				SWIFT_VERSION = 5.0;
				TARGETED_DEVICE_FAMILY = "1,2";
				TEST_TARGET_NAME = GamerSkuy;
			};
			name = Debug;
		};
		E988604C28CB6C5C00D5F850 /* Release */ = {
			isa = XCBuildConfiguration;
			baseConfigurationReference = 1BE3C97EAF4FC83F1DBFD352 /* Pods-GamerSkuy-GamerSkuyUITests.release.xcconfig */;
			buildSettings = {
				ALWAYS_EMBED_SWIFT_STANDARD_LIBRARIES = YES;
				CODE_SIGN_STYLE = Automatic;
				CURRENT_PROJECT_VERSION = 1;
				DEVELOPMENT_TEAM = Q6JT9SDQN5;
				GENERATE_INFOPLIST_FILE = YES;
				MARKETING_VERSION = 1.0;
				PRODUCT_BUNDLE_IDENTIFIER = com.dimas.GamerSkuyUITests;
				PRODUCT_NAME = "$(TARGET_NAME)";
				SWIFT_EMIT_LOC_STRINGS = NO;
				SWIFT_VERSION = 5.0;
				TARGETED_DEVICE_FAMILY = "1,2";
				TEST_TARGET_NAME = GamerSkuy;
			};
			name = Release;
		};
/* End XCBuildConfiguration section */

/* Begin XCConfigurationList section */
		E988601B28CB6C5B00D5F850 /* Build configuration list for PBXProject "GamerSkuy" */ = {
			isa = XCConfigurationList;
			buildConfigurations = (
				E988604228CB6C5C00D5F850 /* Debug */,
				E988604328CB6C5C00D5F850 /* Release */,
			);
			defaultConfigurationIsVisible = 0;
			defaultConfigurationName = Release;
		};
		E988604428CB6C5C00D5F850 /* Build configuration list for PBXNativeTarget "GamerSkuy" */ = {
			isa = XCConfigurationList;
			buildConfigurations = (
				E988604528CB6C5C00D5F850 /* Debug */,
				E988604628CB6C5C00D5F850 /* Release */,
			);
			defaultConfigurationIsVisible = 0;
			defaultConfigurationName = Release;
		};
		E988604728CB6C5C00D5F850 /* Build configuration list for PBXNativeTarget "GamerSkuyTests" */ = {
			isa = XCConfigurationList;
			buildConfigurations = (
				E988604828CB6C5C00D5F850 /* Debug */,
				E988604928CB6C5C00D5F850 /* Release */,
			);
			defaultConfigurationIsVisible = 0;
			defaultConfigurationName = Release;
		};
		E988604A28CB6C5C00D5F850 /* Build configuration list for PBXNativeTarget "GamerSkuyUITests" */ = {
			isa = XCConfigurationList;
			buildConfigurations = (
				E988604B28CB6C5C00D5F850 /* Debug */,
				E988604C28CB6C5C00D5F850 /* Release */,
			);
			defaultConfigurationIsVisible = 0;
			defaultConfigurationName = Release;
		};
/* End XCConfigurationList section */

/* Begin XCVersionGroup section */
		E995103E28DD461B00D218C0 /* FavoriteGame.xcdatamodeld */ = {
			isa = XCVersionGroup;
			children = (
				E995103F28DD461B00D218C0 /* FavoriteGame.xcdatamodel */,
			);
			currentVersion = E995103F28DD461B00D218C0 /* FavoriteGame.xcdatamodel */;
			path = FavoriteGame.xcdatamodeld;
			sourceTree = "<group>";
			versionGroupType = wrapper.xcdatamodel;
		};
/* End XCVersionGroup section */
	};
	rootObject = E988601828CB6C5B00D5F850 /* Project object */;
}
